
Microsoft Visual Studio Solution File, Format Version 12.00
# Visual Studio Version 17
VisualStudioVersion = 17.4.33103.184
MinimumVisualStudioVersion = 10.0.40219.1
Project("{9A19103F-16F7-4668-BE54-9A1E7A4F7556}") = "1-OlaMundo", "1-OlaMundo\1-OlaMundo.csproj", "{ECBAEB09-64EB-4BFF-91F1-141D812167FB}"
EndProject
Project("{9A19103F-16F7-4668-BE54-9A1E7A4F7556}") = "2-CriandoVariaveis", "2-CriandoVariaveis\2-CriandoVariaveis.csproj", "{295793C7-9E5A-448C-B85D-1011EC81C0E1}"
EndProject
Project("{9A19103F-16F7-4668-BE54-9A1E7A4F7556}") = "3-CriandoVariaveisPontoFlutuante", "3-CriandoVariaveisPontoFlutuante\3-CriandoVariaveisPontoFlutuante.csproj", "{9A9F1680-FCAB-4825-8DD2-B71155B4AEDC}"
EndProject
Project("{9A19103F-16F7-4668-BE54-9A1E7A4F7556}") = "4-ConversoesEOutrosTipos", "4-ConversoesEOutrosTipos\4-ConversoesEOutrosTipos.csproj", "{B0E9896B-5544-4DC3-892F-061B173B66AE}"
EndProject
Project("{9A19103F-16F7-4668-BE54-9A1E7A4F7556}") = "5-CaracteresETextos", "5-CaracteresETextos\5-CaracteresETextos.csproj", "{98FA47DC-F64C-4A9E-B9E9-B6C4FCBBE814}"
EndProject
Project("{9A19103F-16F7-4668-BE54-9A1E7A4F7556}") = "6-AtribuicoesDeVariaveis", "6-AtribuicoesDeVariaveis\6-AtribuicoesDeVariaveis.csproj", "{A6DF1C30-18FE-4DEF-8004-68C24C568E33}"
EndProject
Project("{9A19103F-16F7-4668-BE54-9A1E7A4F7556}") = "7-Condicionais", "7-Condicionais\7-Condicionais.csproj", "{D76CDCF1-9BAF-4FE9-AE86-9E1396AE8376}"
EndProject
Project("{9A19103F-16F7-4668-BE54-9A1E7A4F7556}") = "8-Condicionais2", "8-Condicionais2\8-Condicionais2.csproj", "{08786B05-D5E5-4404-B27E-9A4E6D4B167F}"
EndProject
Project("{9A19103F-16F7-4668-BE54-9A1E7A4F7556}") = "9-Escopo", "9-Escopo\9-Escopo.csproj", "{A6631932-9E6A-4EE2-82CB-A0BFA0C75B8A}"
EndProject
Project("{9A19103F-16F7-4668-BE54-9A1E7A4F7556}") = "P10-CalculoPoupaa", "10-Loop\P10-CalculoPoupaa.csproj", "{87F13A76-44AA-47D6-A9F2-FF05FA559EB1}"
EndProject
Project("{FAE04EC0-301F-11D3-BF4B-00C04F79EFBC}") = "P11-CalculaPoupanca2", "P11-CalculaPoupanca2\P11-CalculaPoupanca2.csproj", "{02FF6FB6-34A0-4346-B4D3-3D8FEFEA071F}"
EndProject
Project("{FAE04EC0-301F-11D3-BF4B-00C04F79EFBC}") = "P12-InvestimentoAlongoPrazo", "P12-InvestimentoAlongoPrazo\P12-InvestimentoAlongoPrazo.csproj", "{8AD98B0B-601E-40A7-B0CC-5BCAE0BFFC61}"
EndProject
Project("{FAE04EC0-301F-11D3-BF4B-00C04F79EFBC}") = "P13-EncadeandoFor", "P13-EncadeandoFor\P13-EncadeandoFor.csproj", "{EBEE06F4-E8DC-46F2-AC89-B31F312C3F9E}"
EndProject
Global
	GlobalSection(SolutionConfigurationPlatforms) = preSolution
		Debug|Any CPU = Debug|Any CPU
		Release|Any CPU = Release|Any CPU
	EndGlobalSection
	GlobalSection(ProjectConfigurationPlatforms) = postSolution
		{ECBAEB09-64EB-4BFF-91F1-141D812167FB}.Debug|Any CPU.ActiveCfg = Debug|Any CPU
		{ECBAEB09-64EB-4BFF-91F1-141D812167FB}.Debug|Any CPU.Build.0 = Debug|Any CPU
		{ECBAEB09-64EB-4BFF-91F1-141D812167FB}.Release|Any CPU.ActiveCfg = Release|Any CPU
		{ECBAEB09-64EB-4BFF-91F1-141D812167FB}.Release|Any CPU.Build.0 = Release|Any CPU
		{295793C7-9E5A-448C-B85D-1011EC81C0E1}.Debug|Any CPU.ActiveCfg = Debug|Any CPU
		{295793C7-9E5A-448C-B85D-1011EC81C0E1}.Debug|Any CPU.Build.0 = Debug|Any CPU
		{295793C7-9E5A-448C-B85D-1011EC81C0E1}.Release|Any CPU.ActiveCfg = Release|Any CPU
		{295793C7-9E5A-448C-B85D-1011EC81C0E1}.Release|Any CPU.Build.0 = Release|Any CPU
		{9A9F1680-FCAB-4825-8DD2-B71155B4AEDC}.Debug|Any CPU.ActiveCfg = Debug|Any CPU
		{9A9F1680-FCAB-4825-8DD2-B71155B4AEDC}.Debug|Any CPU.Build.0 = Debug|Any CPU
		{9A9F1680-FCAB-4825-8DD2-B71155B4AEDC}.Release|Any CPU.ActiveCfg = Release|Any CPU
		{9A9F1680-FCAB-4825-8DD2-B71155B4AEDC}.Release|Any CPU.Build.0 = Release|Any CPU
		{B0E9896B-5544-4DC3-892F-061B173B66AE}.Debug|Any CPU.ActiveCfg = Debug|Any CPU
		{B0E9896B-5544-4DC3-892F-061B173B66AE}.Debug|Any CPU.Build.0 = Debug|Any CPU
		{B0E9896B-5544-4DC3-892F-061B173B66AE}.Release|Any CPU.ActiveCfg = Release|Any CPU
		{B0E9896B-5544-4DC3-892F-061B173B66AE}.Release|Any CPU.Build.0 = Release|Any CPU
		{98FA47DC-F64C-4A9E-B9E9-B6C4FCBBE814}.Debug|Any CPU.ActiveCfg = Debug|Any CPU
		{98FA47DC-F64C-4A9E-B9E9-B6C4FCBBE814}.Debug|Any CPU.Build.0 = Debug|Any CPU
		{98FA47DC-F64C-4A9E-B9E9-B6C4FCBBE814}.Release|Any CPU.ActiveCfg = Release|Any CPU
		{98FA47DC-F64C-4A9E-B9E9-B6C4FCBBE814}.Release|Any CPU.Build.0 = Release|Any CPU
		{A6DF1C30-18FE-4DEF-8004-68C24C568E33}.Debug|Any CPU.ActiveCfg = Debug|Any CPU
		{A6DF1C30-18FE-4DEF-8004-68C24C568E33}.Debug|Any CPU.Build.0 = Debug|Any CPU
		{A6DF1C30-18FE-4DEF-8004-68C24C568E33}.Release|Any CPU.ActiveCfg = Release|Any CPU
		{A6DF1C30-18FE-4DEF-8004-68C24C568E33}.Release|Any CPU.Build.0 = Release|Any CPU
		{D76CDCF1-9BAF-4FE9-AE86-9E1396AE8376}.Debug|Any CPU.ActiveCfg = Debug|Any CPU
		{D76CDCF1-9BAF-4FE9-AE86-9E1396AE8376}.Debug|Any CPU.Build.0 = Debug|Any CPU
		{D76CDCF1-9BAF-4FE9-AE86-9E1396AE8376}.Release|Any CPU.ActiveCfg = Release|Any CPU
		{D76CDCF1-9BAF-4FE9-AE86-9E1396AE8376}.Release|Any CPU.Build.0 = Release|Any CPU
		{08786B05-D5E5-4404-B27E-9A4E6D4B167F}.Debug|Any CPU.ActiveCfg = Debug|Any CPU
		{08786B05-D5E5-4404-B27E-9A4E6D4B167F}.Debug|Any CPU.Build.0 = Debug|Any CPU
		{08786B05-D5E5-4404-B27E-9A4E6D4B167F}.Release|Any CPU.ActiveCfg = Release|Any CPU
		{08786B05-D5E5-4404-B27E-9A4E6D4B167F}.Release|Any CPU.Build.0 = Release|Any CPU
		{A6631932-9E6A-4EE2-82CB-A0BFA0C75B8A}.Debug|Any CPU.ActiveCfg = Debug|Any CPU
		{A6631932-9E6A-4EE2-82CB-A0BFA0C75B8A}.Debug|Any CPU.Build.0 = Debug|Any CPU
		{A6631932-9E6A-4EE2-82CB-A0BFA0C75B8A}.Release|Any CPU.ActiveCfg = Release|Any CPU
		{A6631932-9E6A-4EE2-82CB-A0BFA0C75B8A}.Release|Any CPU.Build.0 = Release|Any CPU
		{87F13A76-44AA-47D6-A9F2-FF05FA559EB1}.Debug|Any CPU.ActiveCfg = Debug|Any CPU
		{87F13A76-44AA-47D6-A9F2-FF05FA559EB1}.Debug|Any CPU.Build.0 = Debug|Any CPU
		{87F13A76-44AA-47D6-A9F2-FF05FA559EB1}.Release|Any CPU.ActiveCfg = Release|Any CPU
		{87F13A76-44AA-47D6-A9F2-FF05FA559EB1}.Release|Any CPU.Build.0 = Release|Any CPU
		{02FF6FB6-34A0-4346-B4D3-3D8FEFEA071F}.Debug|Any CPU.ActiveCfg = Debug|Any CPU
		{02FF6FB6-34A0-4346-B4D3-3D8FEFEA071F}.Debug|Any CPU.Build.0 = Debug|Any CPU
		{02FF6FB6-34A0-4346-B4D3-3D8FEFEA071F}.Release|Any CPU.ActiveCfg = Release|Any CPU
		{02FF6FB6-34A0-4346-B4D3-3D8FEFEA071F}.Release|Any CPU.Build.0 = Release|Any CPU
		{8AD98B0B-601E-40A7-B0CC-5BCAE0BFFC61}.Debug|Any CPU.ActiveCfg = Debug|Any CPU
		{8AD98B0B-601E-40A7-B0CC-5BCAE0BFFC61}.Debug|Any CPU.Build.0 = Debug|Any CPU
		{8AD98B0B-601E-40A7-B0CC-5BCAE0BFFC61}.Release|Any CPU.ActiveCfg = Release|Any CPU
		{8AD98B0B-601E-40A7-B0CC-5BCAE0BFFC61}.Release|Any CPU.Build.0 = Release|Any CPU
		{EBEE06F4-E8DC-46F2-AC89-B31F312C3F9E}.Debug|Any CPU.ActiveCfg = Debug|Any CPU
		{EBEE06F4-E8DC-46F2-AC89-B31F312C3F9E}.Debug|Any CPU.Build.0 = Debug|Any CPU
		{EBEE06F4-E8DC-46F2-AC89-B31F312C3F9E}.Release|Any CPU.ActiveCfg = Release|Any CPU
		{EBEE06F4-E8DC-46F2-AC89-B31F312C3F9E}.Release|Any CPU.Build.0 = Release|Any CPU
	EndGlobalSection
	GlobalSection(SolutionProperties) = preSolution
		HideSolutionNode = FALSE
	EndGlobalSection
	GlobalSection(ExtensibilityGlobals) = postSolution
		SolutionGuid = {DC55972E-68C3-4A84-B574-BCC7E3AAD22F}
	EndGlobalSection
EndGlobal
